
Microsoft Visual Studio Solution File, Format Version 12.00
# Visual Studio Version 16
VisualStudioVersion = 16.0.29519.87
MinimumVisualStudioVersion = 10.0.40219.1
Project("{FAE04EC0-301F-11D3-BF4B-00C04F79EFBC}") = "IOC.DependenceInjection.MySamples", "IOC.DependenceInjection.MySamples\IOC.DependenceInjection.MySamples.csproj", "{99DF112C-E830-48E9-9C10-64A4E9CC5B02}"
EndProject
Global
	GlobalSection(SolutionConfigurationPlatforms) = preSolution
		Debug|Any CPU = Debug|Any CPU
		Release|Any CPU = Release|Any CPU
	EndGlobalSection
	GlobalSection(ProjectConfigurationPlatforms) = postSolution
		{99DF112C-E830-48E9-9C10-64A4E9CC5B02}.Debug|Any CPU.ActiveCfg = Debug|Any CPU
		{99DF112C-E830-48E9-9C10-64A4E9CC5B02}.Debug|Any CPU.Build.0 = Debug|Any CPU
		{99DF112C-E830-48E9-9C10-64A4E9CC5B02}.Release|Any CPU.ActiveCfg = Release|Any CPU
		{99DF112C-E830-48E9-9C10-64A4E9CC5B02}.Release|Any CPU.Build.0 = Release|Any CPU
	EndGlobalSection
	GlobalSection(SolutionProperties) = preSolution
		HideSolutionNode = FALSE
	EndGlobalSection
	GlobalSection(ExtensibilityGlobals) = postSolution
		SolutionGuid = {1AE121C3-233D-4516-B0AC-2C476F928F74}
	EndGlobalSection
EndGlobal
